// !$*UTF8*$!
{
	archiveVersion = 1;
	classes = {
	};
	objectVersion = 48;
	objects = {

/* Begin PBXBuildFile section */
		3F17539622013A3300FA31BC /* AppDelegate.swift in Sources */ = {isa = PBXBuildFile; fileRef = 3F17539522013A3300FA31BC /* AppDelegate.swift */; };
		3F17539822013A3300FA31BC /* GameScene.sks in Resources */ = {isa = PBXBuildFile; fileRef = 3F17539722013A3300FA31BC /* GameScene.sks */; };
		3F17539A22013A3300FA31BC /* Actions.sks in Resources */ = {isa = PBXBuildFile; fileRef = 3F17539922013A3300FA31BC /* Actions.sks */; };
		3F17539C22013A3300FA31BC /* GameScene.swift in Sources */ = {isa = PBXBuildFile; fileRef = 3F17539B22013A3300FA31BC /* GameScene.swift */; };
		3F17539E22013A3300FA31BC /* GameViewController.swift in Sources */ = {isa = PBXBuildFile; fileRef = 3F17539D22013A3300FA31BC /* GameViewController.swift */; };
		3F1753A122013A3300FA31BC /* Main.storyboard in Resources */ = {isa = PBXBuildFile; fileRef = 3F17539F22013A3300FA31BC /* Main.storyboard */; };
		3F1753A322013A3300FA31BC /* Assets.xcassets in Resources */ = {isa = PBXBuildFile; fileRef = 3F1753A222013A3300FA31BC /* Assets.xcassets */; };
		3F1753A622013A3300FA31BC /* LaunchScreen.storyboard in Resources */ = {isa = PBXBuildFile; fileRef = 3F1753A422013A3300FA31BC /* LaunchScreen.storyboard */; };
		3F1753B122013A3400FA31BC /* Kanuch_CardsTests.swift in Sources */ = {isa = PBXBuildFile; fileRef = 3F1753B022013A3400FA31BC /* Kanuch_CardsTests.swift */; };
		3F1753BC22013A3400FA31BC /* Kanuch_CardsUITests.swift in Sources */ = {isa = PBXBuildFile; fileRef = 3F1753BB22013A3400FA31BC /* Kanuch_CardsUITests.swift */; };
/* End PBXBuildFile section */

/* Begin PBXContainerItemProxy section */
		3F1753AD22013A3400FA31BC /* PBXContainerItemProxy */ = {
			isa = PBXContainerItemProxy;
			containerPortal = 3F17538A22013A3300FA31BC /* Project object */;
			proxyType = 1;
			remoteGlobalIDString = 3F17539122013A3300FA31BC;
			remoteInfo = "Kanuch Cards";
		};
		3F1753B822013A3400FA31BC /* PBXContainerItemProxy */ = {
			isa = PBXContainerItemProxy;
			containerPortal = 3F17538A22013A3300FA31BC /* Project object */;
			proxyType = 1;
			remoteGlobalIDString = 3F17539122013A3300FA31BC;
			remoteInfo = "Kanuch Cards";
		};
/* End PBXContainerItemProxy section */

/* Begin PBXFileReference section */
		3F17539222013A3300FA31BC /* Kanuch Cards.app */ = {isa = PBXFileReference; explicitFileType = wrapper.application; includeInIndex = 0; path = "Kanuch Cards.app"; sourceTree = BUILT_PRODUCTS_DIR; };
		3F17539522013A3300FA31BC /* AppDelegate.swift */ = {isa = PBXFileReference; lastKnownFileType = sourcecode.swift; path = AppDelegate.swift; sourceTree = "<group>"; };
		3F17539722013A3300FA31BC /* GameScene.sks */ = {isa = PBXFileReference; lastKnownFileType = file.sks; path = GameScene.sks; sourceTree = "<group>"; };
		3F17539922013A3300FA31BC /* Actions.sks */ = {isa = PBXFileReference; lastKnownFileType = file.sks; path = Actions.sks; sourceTree = "<group>"; };
		3F17539B22013A3300FA31BC /* GameScene.swift */ = {isa = PBXFileReference; lastKnownFileType = sourcecode.swift; path = GameScene.swift; sourceTree = "<group>"; };
		3F17539D22013A3300FA31BC /* GameViewController.swift */ = {isa = PBXFileReference; lastKnownFileType = sourcecode.swift; path = GameViewController.swift; sourceTree = "<group>"; };
		3F1753A022013A3300FA31BC /* Base */ = {isa = PBXFileReference; lastKnownFileType = file.storyboard; name = Base; path = Base.lproj/Main.storyboard; sourceTree = "<group>"; };
		3F1753A222013A3300FA31BC /* Assets.xcassets */ = {isa = PBXFileReference; lastKnownFileType = folder.assetcatalog; path = Assets.xcassets; sourceTree = "<group>"; };
		3F1753A522013A3300FA31BC /* Base */ = {isa = PBXFileReference; lastKnownFileType = file.storyboard; name = Base; path = Base.lproj/LaunchScreen.storyboard; sourceTree = "<group>"; };
		3F1753A722013A3300FA31BC /* Info.plist */ = {isa = PBXFileReference; lastKnownFileType = text.plist.xml; path = Info.plist; sourceTree = "<group>"; };
		3F1753AC22013A3400FA31BC /* Kanuch CardsTests.xctest */ = {isa = PBXFileReference; explicitFileType = wrapper.cfbundle; includeInIndex = 0; path = "Kanuch CardsTests.xctest"; sourceTree = BUILT_PRODUCTS_DIR; };
		3F1753B022013A3400FA31BC /* Kanuch_CardsTests.swift */ = {isa = PBXFileReference; lastKnownFileType = sourcecode.swift; path = Kanuch_CardsTests.swift; sourceTree = "<group>"; };
		3F1753B222013A3400FA31BC /* Info.plist */ = {isa = PBXFileReference; lastKnownFileType = text.plist.xml; path = Info.plist; sourceTree = "<group>"; };
		3F1753B722013A3400FA31BC /* Kanuch CardsUITests.xctest */ = {isa = PBXFileReference; explicitFileType = wrapper.cfbundle; includeInIndex = 0; path = "Kanuch CardsUITests.xctest"; sourceTree = BUILT_PRODUCTS_DIR; };
		3F1753BB22013A3400FA31BC /* Kanuch_CardsUITests.swift */ = {isa = PBXFileReference; lastKnownFileType = sourcecode.swift; path = Kanuch_CardsUITests.swift; sourceTree = "<group>"; };
		3F1753BD22013A3400FA31BC /* Info.plist */ = {isa = PBXFileReference; lastKnownFileType = text.plist.xml; path = Info.plist; sourceTree = "<group>"; };
/* End PBXFileReference section */

/* Begin PBXFrameworksBuildPhase section */
		3F17538F22013A3300FA31BC /* Frameworks */ = {
			isa = PBXFrameworksBuildPhase;
			buildActionMask = 2147483647;
			files = (
			);
			runOnlyForDeploymentPostprocessing = 0;
		};
		3F1753A922013A3400FA31BC /* Frameworks */ = {
			isa = PBXFrameworksBuildPhase;
			buildActionMask = 2147483647;
			files = (
			);
			runOnlyForDeploymentPostprocessing = 0;
		};
		3F1753B422013A3400FA31BC /* Frameworks */ = {
			isa = PBXFrameworksBuildPhase;
			buildActionMask = 2147483647;
			files = (
			);
			runOnlyForDeploymentPostprocessing = 0;
		};
/* End PBXFrameworksBuildPhase section */

/* Begin PBXGroup section */
		3F17538922013A3300FA31BC = {
			isa = PBXGroup;
			children = (
				3F17539422013A3300FA31BC /* Kanuch Cards */,
				3F1753AF22013A3400FA31BC /* Kanuch CardsTests */,
				3F1753BA22013A3400FA31BC /* Kanuch CardsUITests */,
				3F17539322013A3300FA31BC /* Products */,
			);
			sourceTree = "<group>";
		};
		3F17539322013A3300FA31BC /* Products */ = {
			isa = PBXGroup;
			children = (
				3F17539222013A3300FA31BC /* Kanuch Cards.app */,
				3F1753AC22013A3400FA31BC /* Kanuch CardsTests.xctest */,
				3F1753B722013A3400FA31BC /* Kanuch CardsUITests.xctest */,
			);
			name = Products;
			sourceTree = "<group>";
		};
		3F17539422013A3300FA31BC /* Kanuch Cards */ = {
			isa = PBXGroup;
			children = (
				3F17539522013A3300FA31BC /* AppDelegate.swift */,
				3F17539722013A3300FA31BC /* GameScene.sks */,
				3F17539922013A3300FA31BC /* Actions.sks */,
				3F17539B22013A3300FA31BC /* GameScene.swift */,
				3F17539D22013A3300FA31BC /* GameViewController.swift */,
				3F17539F22013A3300FA31BC /* Main.storyboard */,
				3F1753A222013A3300FA31BC /* Assets.xcassets */,
				3F1753A422013A3300FA31BC /* LaunchScreen.storyboard */,
				3F1753A722013A3300FA31BC /* Info.plist */,
			);
			path = "Kanuch Cards";
			sourceTree = "<group>";
		};
		3F1753AF22013A3400FA31BC /* Kanuch CardsTests */ = {
			isa = PBXGroup;
			children = (
				3F1753B022013A3400FA31BC /* Kanuch_CardsTests.swift */,
				3F1753B222013A3400FA31BC /* Info.plist */,
			);
			path = "Kanuch CardsTests";
			sourceTree = "<group>";
		};
		3F1753BA22013A3400FA31BC /* Kanuch CardsUITests */ = {
			isa = PBXGroup;
			children = (
				3F1753BB22013A3400FA31BC /* Kanuch_CardsUITests.swift */,
				3F1753BD22013A3400FA31BC /* Info.plist */,
			);
			path = "Kanuch CardsUITests";
			sourceTree = "<group>";
		};
/* End PBXGroup section */

/* Begin PBXNativeTarget section */
		3F17539122013A3300FA31BC /* Kanuch Cards */ = {
			isa = PBXNativeTarget;
			buildConfigurationList = 3F1753C022013A3400FA31BC /* Build configuration list for PBXNativeTarget "Kanuch Cards" */;
			buildPhases = (
				3F17538E22013A3300FA31BC /* Sources */,
				3F17538F22013A3300FA31BC /* Frameworks */,
				3F17539022013A3300FA31BC /* Resources */,
			);
			buildRules = (
			);
			dependencies = (
			);
			name = "Kanuch Cards";
			productName = "Kanuch Cards";
			productReference = 3F17539222013A3300FA31BC /* Kanuch Cards.app */;
			productType = "com.apple.product-type.application";
		};
		3F1753AB22013A3400FA31BC /* Kanuch CardsTests */ = {
			isa = PBXNativeTarget;
			buildConfigurationList = 3F1753C322013A3400FA31BC /* Build configuration list for PBXNativeTarget "Kanuch CardsTests" */;
			buildPhases = (
				3F1753A822013A3400FA31BC /* Sources */,
				3F1753A922013A3400FA31BC /* Frameworks */,
				3F1753AA22013A3400FA31BC /* Resources */,
			);
			buildRules = (
			);
			dependencies = (
				3F1753AE22013A3400FA31BC /* PBXTargetDependency */,
			);
			name = "Kanuch CardsTests";
			productName = "Kanuch CardsTests";
			productReference = 3F1753AC22013A3400FA31BC /* Kanuch CardsTests.xctest */;
			productType = "com.apple.product-type.bundle.unit-test";
		};
		3F1753B622013A3400FA31BC /* Kanuch CardsUITests */ = {
			isa = PBXNativeTarget;
			buildConfigurationList = 3F1753C622013A3400FA31BC /* Build configuration list for PBXNativeTarget "Kanuch CardsUITests" */;
			buildPhases = (
				3F1753B322013A3400FA31BC /* Sources */,
				3F1753B422013A3400FA31BC /* Frameworks */,
				3F1753B522013A3400FA31BC /* Resources */,
			);
			buildRules = (
			);
			dependencies = (
				3F1753B922013A3400FA31BC /* PBXTargetDependency */,
			);
			name = "Kanuch CardsUITests";
			productName = "Kanuch CardsUITests";
			productReference = 3F1753B722013A3400FA31BC /* Kanuch CardsUITests.xctest */;
			productType = "com.apple.product-type.bundle.ui-testing";
		};
/* End PBXNativeTarget section */

/* Begin PBXProject section */
		3F17538A22013A3300FA31BC /* Project object */ = {
			isa = PBXProject;
			attributes = {
				LastSwiftUpdateCheck = 0920;
				LastUpgradeCheck = 0920;
				ORGANIZATIONNAME = "Cooper Huh";
				TargetAttributes = {
					3F17539122013A3300FA31BC = {
						CreatedOnToolsVersion = 9.2;
						ProvisioningStyle = Automatic;
					};
					3F1753AB22013A3400FA31BC = {
						CreatedOnToolsVersion = 9.2;
						ProvisioningStyle = Automatic;
						TestTargetID = 3F17539122013A3300FA31BC;
					};
					3F1753B622013A3400FA31BC = {
						CreatedOnToolsVersion = 9.2;
						ProvisioningStyle = Automatic;
						TestTargetID = 3F17539122013A3300FA31BC;
					};
				};
			};
			buildConfigurationList = 3F17538D22013A3300FA31BC /* Build configuration list for PBXProject "Kanuch Cards" */;
			compatibilityVersion = "Xcode 8.0";
			developmentRegion = en;
			hasScannedForEncodings = 0;
			knownRegions = (
				en,
				Base,
			);
			mainGroup = 3F17538922013A3300FA31BC;
			productRefGroup = 3F17539322013A3300FA31BC /* Products */;
			projectDirPath = "";
			projectRoot = "";
			targets = (
				3F17539122013A3300FA31BC /* Kanuch Cards */,
				3F1753AB22013A3400FA31BC /* Kanuch CardsTests */,
				3F1753B622013A3400FA31BC /* Kanuch CardsUITests */,
			);
		};
/* End PBXProject section */

/* Begin PBXResourcesBuildPhase section */
		3F17539022013A3300FA31BC /* Resources */ = {
			isa = PBXResourcesBuildPhase;
			buildActionMask = 2147483647;
			files = (
				3F1753A122013A3300FA31BC /* Main.storyboard in Resources */,
				3F17539822013A3300FA31BC /* GameScene.sks in Resources */,
				3F1753A322013A3300FA31BC /* Assets.xcassets in Resources */,
				3F1753A622013A3300FA31BC /* LaunchScreen.storyboard in Resources */,
				3F17539A22013A3300FA31BC /* Actions.sks in Resources */,
			);
			runOnlyForDeploymentPostprocessing = 0;
		};
		3F1753AA22013A3400FA31BC /* Resources */ = {
			isa = PBXResourcesBuildPhase;
			buildActionMask = 2147483647;
			files = (
			);
			runOnlyForDeploymentPostprocessing = 0;
		};
		3F1753B522013A3400FA31BC /* Resources */ = {
			isa = PBXResourcesBuildPhase;
			buildActionMask = 2147483647;
			files = (
			);
			runOnlyForDeploymentPostprocessing = 0;
		};
/* End PBXResourcesBuildPhase section */

/* Begin PBXSourcesBuildPhase section */
		3F17538E22013A3300FA31BC /* Sources */ = {
			isa = PBXSourcesBuildPhase;
			buildActionMask = 2147483647;
			files = (
				3F17539C22013A3300FA31BC /* GameScene.swift in Sources */,
				3F17539E22013A3300FA31BC /* GameViewController.swift in Sources */,
				3F17539622013A3300FA31BC /* AppDelegate.swift in Sources */,
			);
			runOnlyForDeploymentPostprocessing = 0;
		};
		3F1753A822013A3400FA31BC /* Sources */ = {
			isa = PBXSourcesBuildPhase;
			buildActionMask = 2147483647;
			files = (
				3F1753B122013A3400FA31BC /* Kanuch_CardsTests.swift in Sources */,
			);
			runOnlyForDeploymentPostprocessing = 0;
		};
		3F1753B322013A3400FA31BC /* Sources */ = {
			isa = PBXSourcesBuildPhase;
			buildActionMask = 2147483647;
			files = (
				3F1753BC22013A3400FA31BC /* Kanuch_CardsUITests.swift in Sources */,
			);
			runOnlyForDeploymentPostprocessing = 0;
		};
/* End PBXSourcesBuildPhase section */

/* Begin PBXTargetDependency section */
		3F1753AE22013A3400FA31BC /* PBXTargetDependency */ = {
			isa = PBXTargetDependency;
			target = 3F17539122013A3300FA31BC /* Kanuch Cards */;
			targetProxy = 3F1753AD22013A3400FA31BC /* PBXContainerItemProxy */;
		};
		3F1753B922013A3400FA31BC /* PBXTargetDependency */ = {
			isa = PBXTargetDependency;
			target = 3F17539122013A3300FA31BC /* Kanuch Cards */;
			targetProxy = 3F1753B822013A3400FA31BC /* PBXContainerItemProxy */;
		};
/* End PBXTargetDependency section */

/* Begin PBXVariantGroup section */
		3F17539F22013A3300FA31BC /* Main.storyboard */ = {
			isa = PBXVariantGroup;
			children = (
				3F1753A022013A3300FA31BC /* Base */,
			);
			name = Main.storyboard;
			sourceTree = "<group>";
		};
		3F1753A422013A3300FA31BC /* LaunchScreen.storyboard */ = {
			isa = PBXVariantGroup;
			children = (
				3F1753A522013A3300FA31BC /* Base */,
			);
			name = LaunchScreen.storyboard;
			sourceTree = "<group>";
		};
/* End PBXVariantGroup section */

/* Begin XCBuildConfiguration section */
		3F1753BE22013A3400FA31BC /* Debug */ = {
			isa = XCBuildConfiguration;
			buildSettings = {
				ALWAYS_SEARCH_USER_PATHS = NO;
				CLANG_ANALYZER_NONNULL = YES;
				CLANG_ANALYZER_NUMBER_OBJECT_CONVERSION = YES_AGGRESSIVE;
				CLANG_CXX_LANGUAGE_STANDARD = "gnu++14";
				CLANG_CXX_LIBRARY = "libc++";
				CLANG_ENABLE_MODULES = YES;
				CLANG_ENABLE_OBJC_ARC = YES;
				CLANG_WARN_BLOCK_CAPTURE_AUTORELEASING = YES;
				CLANG_WARN_BOOL_CONVERSION = YES;
				CLANG_WARN_COMMA = YES;
				CLANG_WARN_CONSTANT_CONVERSION = YES;
				CLANG_WARN_DIRECT_OBJC_ISA_USAGE = YES_ERROR;
				CLANG_WARN_DOCUMENTATION_COMMENTS = YES;
				CLANG_WARN_EMPTY_BODY = YES;
				CLANG_WARN_ENUM_CONVERSION = YES;
				CLANG_WARN_INFINITE_RECURSION = YES;
				CLANG_WARN_INT_CONVERSION = YES;
				CLANG_WARN_NON_LITERAL_NULL_CONVERSION = YES;
				CLANG_WARN_OBJC_LITERAL_CONVERSION = YES;
				CLANG_WARN_OBJC_ROOT_CLASS = YES_ERROR;
				CLANG_WARN_RANGE_LOOP_ANALYSIS = YES;
				CLANG_WARN_STRICT_PROTOTYPES = YES;
				CLANG_WARN_SUSPICIOUS_MOVE = YES;
				CLANG_WARN_UNGUARDED_AVAILABILITY = YES_AGGRESSIVE;
				CLANG_WARN_UNREACHABLE_CODE = YES;
				CLANG_WARN__DUPLICATE_METHOD_MATCH = YES;
				CODE_SIGN_IDENTITY = "iPhone Developer";
				COPY_PHASE_STRIP = NO;
				DEBUG_INFORMATION_FORMAT = dwarf;
				ENABLE_STRICT_OBJC_MSGSEND = YES;
				ENABLE_TESTABILITY = YES;
				GCC_C_LANGUAGE_STANDARD = gnu11;
				GCC_DYNAMIC_NO_PIC = NO;
				GCC_NO_COMMON_BLOCKS = YES;
				GCC_OPTIMIZATION_LEVEL = 0;
				GCC_PREPROCESSOR_DEFINITIONS = (
					"DEBUG=1",
					"$(inherited)",
				);
				GCC_WARN_64_TO_32_BIT_CONVERSION = YES;
				GCC_WARN_ABOUT_RETURN_TYPE = YES_ERROR;
				GCC_WARN_UNDECLARED_SELECTOR = YES;
				GCC_WARN_UNINITIALIZED_AUTOS = YES_AGGRESSIVE;
				GCC_WARN_UNUSED_FUNCTION = YES;
				GCC_WARN_UNUSED_VARIABLE = YES;
				IPHONEOS_DEPLOYMENT_TARGET = 11.2;
				MTL_ENABLE_DEBUG_INFO = YES;
				ONLY_ACTIVE_ARCH = YES;
				SDKROOT = iphoneos;
				SWIFT_ACTIVE_COMPILATION_CONDITIONS = DEBUG;
				SWIFT_OPTIMIZATION_LEVEL = "-Onone";
			};
			name = Debug;
		};
		3F1753BF22013A3400FA31BC /* Release */ = {
			isa = XCBuildConfiguration;
			buildSettings = {
				ALWAYS_SEARCH_USER_PATHS = NO;
				CLANG_ANALYZER_NONNULL = YES;
				CLANG_ANALYZER_NUMBER_OBJECT_CONVERSION = YES_AGGRESSIVE;
				CLANG_CXX_LANGUAGE_STANDARD = "gnu++14";
				CLANG_CXX_LIBRARY = "libc++";
				CLANG_ENABLE_MODULES = YES;
				CLANG_ENABLE_OBJC_ARC = YES;
				CLANG_WARN_BLOCK_CAPTURE_AUTORELEASING = YES;
				CLANG_WARN_BOOL_CONVERSION = YES;
				CLANG_WARN_COMMA = YES;
				CLANG_WARN_CONSTANT_CONVERSION = YES;
				CLANG_WARN_DIRECT_OBJC_ISA_USAGE = YES_ERROR;
				CLANG_WARN_DOCUMENTATION_COMMENTS = YES;
				CLANG_WARN_EMPTY_BODY = YES;
				CLANG_WARN_ENUM_CONVERSION = YES;
				CLANG_WARN_INFINITE_RECURSION = YES;
				CLANG_WARN_INT_CONVERSION = YES;
				CLANG_WARN_NON_LITERAL_NULL_CONVERSION = YES;
				CLANG_WARN_OBJC_LITERAL_CONVERSION = YES;
				CLANG_WARN_OBJC_ROOT_CLASS = YES_ERROR;
				CLANG_WARN_RANGE_LOOP_ANALYSIS = YES;
				CLANG_WARN_STRICT_PROTOTYPES = YES;
				CLANG_WARN_SUSPICIOUS_MOVE = YES;
				CLANG_WARN_UNGUARDED_AVAILABILITY = YES_AGGRESSIVE;
				CLANG_WARN_UNREACHABLE_CODE = YES;
				CLANG_WARN__DUPLICATE_METHOD_MATCH = YES;
				CODE_SIGN_IDENTITY = "iPhone Developer";
				COPY_PHASE_STRIP = NO;
				DEBUG_INFORMATION_FORMAT = "dwarf-with-dsym";
				ENABLE_NS_ASSERTIONS = NO;
				ENABLE_STRICT_OBJC_MSGSEND = YES;
				GCC_C_LANGUAGE_STANDARD = gnu11;
				GCC_NO_COMMON_BLOCKS = YES;
				GCC_WARN_64_TO_32_BIT_CONVERSION = YES;
				GCC_WARN_ABOUT_RETURN_TYPE = YES_ERROR;
				GCC_WARN_UNDECLARED_SELECTOR = YES;
				GCC_WARN_UNINITIALIZED_AUTOS = YES_AGGRESSIVE;
				GCC_WARN_UNUSED_FUNCTION = YES;
				GCC_WARN_UNUSED_VARIABLE = YES;
				IPHONEOS_DEPLOYMENT_TARGET = 11.2;
				MTL_ENABLE_DEBUG_INFO = NO;
				SDKROOT = iphoneos;
				SWIFT_OPTIMIZATION_LEVEL = "-Owholemodule";
				VALIDATE_PRODUCT = YES;
			};
			name = Release;
		};
		3F1753C122013A3400FA31BC /* Debug */ = {
			isa = XCBuildConfiguration;
			buildSettings = {
				ASSETCATALOG_COMPILER_APPICON_NAME = AppIcon;
				CODE_SIGN_STYLE = Automatic;
				DEVELOPMENT_TEAM = SCB3SUSYMH;
				INFOPLIST_FILE = "Kanuch Cards/Info.plist";
				LD_RUNPATH_SEARCH_PATHS = "$(inherited) @executable_path/Frameworks";
				PRODUCT_BUNDLE_IDENTIFIER = "com.KanuchCards.Kanuch-Cards";
				PRODUCT_NAME = "$(TARGET_NAME)";
				SWIFT_VERSION = 4.0;
				TARGETED_DEVICE_FAMILY = "1,2";
			};
			name = Debug;
		};
		3F1753C222013A3400FA31BC /* Release */ = {
			isa = XCBuildConfiguration;
			buildSettings = {
				ASSETCATALOG_COMPILER_APPICON_NAME = AppIcon;
				CODE_SIGN_STYLE = Automatic;
				DEVELOPMENT_TEAM = SCB3SUSYMH;
				INFOPLIST_FILE = "Kanuch Cards/Info.plist";
				LD_RUNPATH_SEARCH_PATHS = "$(inherited) @executable_path/Frameworks";
				PRODUCT_BUNDLE_IDENTIFIER = "com.KanuchCards.Kanuch-Cards";
				PRODUCT_NAME = "$(TARGET_NAME)";
				SWIFT_VERSION = 4.0;
				TARGETED_DEVICE_FAMILY = "1,2";
			};
			name = Release;
		};
		3F1753C422013A3400FA31BC /* Debug */ = {
			isa = XCBuildConfiguration;
			buildSettings = {
				ALWAYS_EMBED_SWIFT_STANDARD_LIBRARIES = YES;
				BUNDLE_LOADER = "$(TEST_HOST)";
				CODE_SIGN_STYLE = Automatic;
				DEVELOPMENT_TEAM = SCB3SUSYMH;
				INFOPLIST_FILE = "Kanuch CardsTests/Info.plist";
				LD_RUNPATH_SEARCH_PATHS = "$(inherited) @executable_path/Frameworks @loader_path/Frameworks";
				PRODUCT_BUNDLE_IDENTIFIER = "com.KanuchCards.Kanuch-CardsTests";
				PRODUCT_NAME = "$(TARGET_NAME)";
				SWIFT_VERSION = 4.0;
				TARGETED_DEVICE_FAMILY = "1,2";
				TEST_HOST = "$(BUILT_PRODUCTS_DIR)/Kanuch Cards.app/Kanuch Cards";
			};
			name = Debug;
		};
		3F1753C522013A3400FA31BC /* Release */ = {
			isa = XCBuildConfiguration;
			buildSettings = {
				ALWAYS_EMBED_SWIFT_STANDARD_LIBRARIES = YES;
				BUNDLE_LOADER = "$(TEST_HOST)";
				CODE_SIGN_STYLE = Automatic;
				DEVELOPMENT_TEAM = SCB3SUSYMH;
				INFOPLIST_FILE = "Kanuch CardsTests/Info.plist";
				LD_RUNPATH_SEARCH_PATHS = "$(inherited) @executable_path/Frameworks @loader_path/Frameworks";
				PRODUCT_BUNDLE_IDENTIFIER = "com.KanuchCards.Kanuch-CardsTests";
				PRODUCT_NAME = "$(TARGET_NAME)";
				SWIFT_VERSION = 4.0;
				TARGETED_DEVICE_FAMILY = "1,2";
				TEST_HOST = "$(BUILT_PRODUCTS_DIR)/Kanuch Cards.app/Kanuch Cards";
			};
			name = Release;
		};
		3F1753C722013A3400FA31BC /* Debug */ = {
			isa = XCBuildConfiguration;
			buildSettings = {
				ALWAYS_EMBED_SWIFT_STANDARD_LIBRARIES = YES;
				CODE_SIGN_STYLE = Automatic;
				DEVELOPMENT_TEAM = SCB3SUSYMH;
				INFOPLIST_FILE = "Kanuch CardsUITests/Info.plist";
				LD_RUNPATH_SEARCH_PATHS = "$(inherited) @executable_path/Frameworks @loader_path/Frameworks";
				PRODUCT_BUNDLE_IDENTIFIER = "com.KanuchCards.Kanuch-CardsUITests";
				PRODUCT_NAME = "$(TARGET_NAME)";
				SWIFT_VERSION = 4.0;
				TARGETED_DEVICE_FAMILY = "1,2";
				TEST_TARGET_NAME = "Kanuch Cards";
			};
			name = Debug;
		};
		3F1753C822013A3400FA31BC /* Release */ = {
			isa = XCBuildConfiguration;
			buildSettings = {
				ALWAYS_EMBED_SWIFT_STANDARD_LIBRARIES = YES;
				CODE_SIGN_STYLE = Automatic;
				DEVELOPMENT_TEAM = SCB3SUSYMH;
				INFOPLIST_FILE = "Kanuch CardsUITests/Info.plist";
				LD_RUNPATH_SEARCH_PATHS = "$(inherited) @executable_path/Frameworks @loader_path/Frameworks";
				PRODUCT_BUNDLE_IDENTIFIER = "com.KanuchCards.Kanuch-CardsUITests";
				PRODUCT_NAME = "$(TARGET_NAME)";
				SWIFT_VERSION = 4.0;
				TARGETED_DEVICE_FAMILY = "1,2";
				TEST_TARGET_NAME = "Kanuch Cards";
			};
			name = Release;
		};
/* End XCBuildConfiguration section */

/* Begin XCConfigurationList section */
		3F17538D22013A3300FA31BC /* Build configuration list for PBXProject "Kanuch Cards" */ = {
			isa = XCConfigurationList;
			buildConfigurations = (
				3F1753BE22013A3400FA31BC /* Debug */,
				3F1753BF22013A3400FA31BC /* Release */,
			);
			defaultConfigurationIsVisible = 0;
			defaultConfigurationName = Release;
		};
		3F1753C022013A3400FA31BC /* Build configuration list for PBXNativeTarget "Kanuch Cards" */ = {
			isa = XCConfigurationList;
			buildConfigurations = (
				3F1753C122013A3400FA31BC /* Debug */,
				3F1753C222013A3400FA31BC /* Release */,
			);
			defaultConfigurationIsVisible = 0;
			defaultConfigurationName = Release;
		};
		3F1753C322013A3400FA31BC /* Build configuration list for PBXNativeTarget "Kanuch CardsTests" */ = {
			isa = XCConfigurationList;
			buildConfigurations = (
				3F1753C422013A3400FA31BC /* Debug */,
				3F1753C522013A3400FA31BC /* Release */,
			);
			defaultConfigurationIsVisible = 0;
			defaultConfigurationName = Release;
		};
		3F1753C622013A3400FA31BC /* Build configuration list for PBXNativeTarget "Kanuch CardsUITests" */ = {
			isa = XCConfigurationList;
			buildConfigurations = (
				3F1753C722013A3400FA31BC /* Debug */,
				3F1753C822013A3400FA31BC /* Release */,
			);
			defaultConfigurationIsVisible = 0;
			defaultConfigurationName = Release;
		};
/* End XCConfigurationList section */
	};
	rootObject = 3F17538A22013A3300FA31BC /* Project object */;
}
